
Microsoft Visual Studio Solution File, Format Version 12.00
# Visual Studio Version 17
VisualStudioVersion = 17.0.32112.339
MinimumVisualStudioVersion = 10.0.40219.1
Project("{FAE04EC0-301F-11D3-BF4B-00C04F79EFBC}") = "WindForm3", "WindForm3\WindForm3.csproj", "{3A16788D-4227-45A1-AA5F-D47EA78907B1}"
EndProject
Global
	GlobalSection(SolutionConfigurationPlatforms) = preSolution
		Debug|Any CPU = Debug|Any CPU
		Release|Any CPU = Release|Any CPU
	EndGlobalSection
	GlobalSection(ProjectConfigurationPlatforms) = postSolution
		{3A16788D-4227-45A1-AA5F-D47EA78907B1}.Debug|Any CPU.ActiveCfg = Debug|Any CPU
		{3A16788D-4227-45A1-AA5F-D47EA78907B1}.Debug|Any CPU.Build.0 = Debug|Any CPU
		{3A16788D-4227-45A1-AA5F-D47EA78907B1}.Release|Any CPU.ActiveCfg = Release|Any CPU
		{3A16788D-4227-45A1-AA5F-D47EA78907B1}.Release|Any CPU.Build.0 = Release|Any CPU
	EndGlobalSection
	GlobalSection(SolutionProperties) = preSolution
		HideSolutionNode = FALSE
	EndGlobalSection
	GlobalSection(ExtensibilityGlobals) = postSolution
		SolutionGuid = {D4E45E17-054D-44E3-B944-5EEB14B033A7}
	EndGlobalSection
EndGlobal
